// !$*UTF8*$!
{
	archiveVersion = 1;
	classes = {
	};
	objectVersion = 46;
	objects = {

/* Begin PBXBuildFile section */
		45E9286B1C9122CD0022E2A0 /* main.m in Sources */ = {isa = PBXBuildFile; fileRef = 45E9286A1C9122CD0022E2A0 /* main.m */; };
		45E9286E1C9122CD0022E2A0 /* AppDelegate.m in Sources */ = {isa = PBXBuildFile; fileRef = 45E9286D1C9122CD0022E2A0 /* AppDelegate.m */; };
		45E928711C9122CD0022E2A0 /* ViewController.m in Sources */ = {isa = PBXBuildFile; fileRef = 45E928701C9122CD0022E2A0 /* ViewController.m */; };
		45E928741C9122CD0022E2A0 /* Main.storyboard in Resources */ = {isa = PBXBuildFile; fileRef = 45E928721C9122CD0022E2A0 /* Main.storyboard */; };
		45E928761C9122CD0022E2A0 /* Assets.xcassets in Resources */ = {isa = PBXBuildFile; fileRef = 45E928751C9122CD0022E2A0 /* Assets.xcassets */; };
		45E928791C9122CD0022E2A0 /* LaunchScreen.storyboard in Resources */ = {isa = PBXBuildFile; fileRef = 45E928771C9122CD0022E2A0 /* LaunchScreen.storyboard */; };
		45E928841C9122CD0022E2A0 /* zigzagTests.m in Sources */ = {isa = PBXBuildFile; fileRef = 45E928831C9122CD0022E2A0 /* zigzagTests.m */; };
		45E9288F1C9122CD0022E2A0 /* zigzagUITests.m in Sources */ = {isa = PBXBuildFile; fileRef = 45E9288E1C9122CD0022E2A0 /* zigzagUITests.m */; };
/* End PBXBuildFile section */

/* Begin PBXContainerItemProxy section */
		45E928801C9122CD0022E2A0 /* PBXContainerItemProxy */ = {
			isa = PBXContainerItemProxy;
			containerPortal = 45E9285E1C9122CD0022E2A0 /* Project object */;
			proxyType = 1;
			remoteGlobalIDString = 45E928651C9122CD0022E2A0;
			remoteInfo = zigzag;
		};
		45E9288B1C9122CD0022E2A0 /* PBXContainerItemProxy */ = {
			isa = PBXContainerItemProxy;
			containerPortal = 45E9285E1C9122CD0022E2A0 /* Project object */;
			proxyType = 1;
			remoteGlobalIDString = 45E928651C9122CD0022E2A0;
			remoteInfo = zigzag;
		};
/* End PBXContainerItemProxy section */

/* Begin PBXFileReference section */
		45E928661C9122CD0022E2A0 /* zigzag.app */ = {isa = PBXFileReference; explicitFileType = wrapper.application; includeInIndex = 0; path = zigzag.app; sourceTree = BUILT_PRODUCTS_DIR; };
		45E9286A1C9122CD0022E2A0 /* main.m */ = {isa = PBXFileReference; lastKnownFileType = sourcecode.c.objc; path = main.m; sourceTree = "<group>"; };
		45E9286C1C9122CD0022E2A0 /* AppDelegate.h */ = {isa = PBXFileReference; lastKnownFileType = sourcecode.c.h; path = AppDelegate.h; sourceTree = "<group>"; };
		45E9286D1C9122CD0022E2A0 /* AppDelegate.m */ = {isa = PBXFileReference; lastKnownFileType = sourcecode.c.objc; path = AppDelegate.m; sourceTree = "<group>"; };
		45E9286F1C9122CD0022E2A0 /* ViewController.h */ = {isa = PBXFileReference; lastKnownFileType = sourcecode.c.h; path = ViewController.h; sourceTree = "<group>"; };
		45E928701C9122CD0022E2A0 /* ViewController.m */ = {isa = PBXFileReference; lastKnownFileType = sourcecode.c.objc; path = ViewController.m; sourceTree = "<group>"; };
		45E928731C9122CD0022E2A0 /* Base */ = {isa = PBXFileReference; lastKnownFileType = file.storyboard; name = Base; path = Base.lproj/Main.storyboard; sourceTree = "<group>"; };
		45E928751C9122CD0022E2A0 /* Assets.xcassets */ = {isa = PBXFileReference; lastKnownFileType = folder.assetcatalog; path = Assets.xcassets; sourceTree = "<group>"; };
		45E928781C9122CD0022E2A0 /* Base */ = {isa = PBXFileReference; lastKnownFileType = file.storyboard; name = Base; path = Base.lproj/LaunchScreen.storyboard; sourceTree = "<group>"; };
		45E9287A1C9122CD0022E2A0 /* Info.plist */ = {isa = PBXFileReference; lastKnownFileType = text.plist.xml; path = Info.plist; sourceTree = "<group>"; };
		45E9287F1C9122CD0022E2A0 /* zigzagTests.xctest */ = {isa = PBXFileReference; explicitFileType = wrapper.cfbundle; includeInIndex = 0; path = zigzagTests.xctest; sourceTree = BUILT_PRODUCTS_DIR; };
		45E928831C9122CD0022E2A0 /* zigzagTests.m */ = {isa = PBXFileReference; lastKnownFileType = sourcecode.c.objc; path = zigzagTests.m; sourceTree = "<group>"; };
		45E928851C9122CD0022E2A0 /* Info.plist */ = {isa = PBXFileReference; lastKnownFileType = text.plist.xml; path = Info.plist; sourceTree = "<group>"; };
		45E9288A1C9122CD0022E2A0 /* zigzagUITests.xctest */ = {isa = PBXFileReference; explicitFileType = wrapper.cfbundle; includeInIndex = 0; path = zigzagUITests.xctest; sourceTree = BUILT_PRODUCTS_DIR; };
		45E9288E1C9122CD0022E2A0 /* zigzagUITests.m */ = {isa = PBXFileReference; lastKnownFileType = sourcecode.c.objc; path = zigzagUITests.m; sourceTree = "<group>"; };
		45E928901C9122CD0022E2A0 /* Info.plist */ = {isa = PBXFileReference; lastKnownFileType = text.plist.xml; path = Info.plist; sourceTree = "<group>"; };
/* End PBXFileReference section */

/* Begin PBXFrameworksBuildPhase section */
		45E928631C9122CD0022E2A0 /* Frameworks */ = {
			isa = PBXFrameworksBuildPhase;
			buildActionMask = 2147483647;
			files = (
			);
			runOnlyForDeploymentPostprocessing = 0;
		};
		45E9287C1C9122CD0022E2A0 /* Frameworks */ = {
			isa = PBXFrameworksBuildPhase;
			buildActionMask = 2147483647;
			files = (
			);
			runOnlyForDeploymentPostprocessing = 0;
		};
		45E928871C9122CD0022E2A0 /* Frameworks */ = {
			isa = PBXFrameworksBuildPhase;
			buildActionMask = 2147483647;
			files = (
			);
			runOnlyForDeploymentPostprocessing = 0;
		};
/* End PBXFrameworksBuildPhase section */

/* Begin PBXGroup section */
		45E9285D1C9122CD0022E2A0 = {
			isa = PBXGroup;
			children = (
				45E928681C9122CD0022E2A0 /* zigzag */,
				45E928821C9122CD0022E2A0 /* zigzagTests */,
				45E9288D1C9122CD0022E2A0 /* zigzagUITests */,
				45E928671C9122CD0022E2A0 /* Products */,
			);
			sourceTree = "<group>";
		};
		45E928671C9122CD0022E2A0 /* Products */ = {
			isa = PBXGroup;
			children = (
				45E928661C9122CD0022E2A0 /* zigzag.app */,
				45E9287F1C9122CD0022E2A0 /* zigzagTests.xctest */,
				45E9288A1C9122CD0022E2A0 /* zigzagUITests.xctest */,
			);
			name = Products;
			sourceTree = "<group>";
		};
		45E928681C9122CD0022E2A0 /* zigzag */ = {
			isa = PBXGroup;
			children = (
				45E9286C1C9122CD0022E2A0 /* AppDelegate.h */,
				45E9286D1C9122CD0022E2A0 /* AppDelegate.m */,
				45E9286F1C9122CD0022E2A0 /* ViewController.h */,
				45E928701C9122CD0022E2A0 /* ViewController.m */,
				45E928721C9122CD0022E2A0 /* Main.storyboard */,
				45E928751C9122CD0022E2A0 /* Assets.xcassets */,
				45E928771C9122CD0022E2A0 /* LaunchScreen.storyboard */,
				45E9287A1C9122CD0022E2A0 /* Info.plist */,
				45E928691C9122CD0022E2A0 /* Supporting Files */,
			);
			path = zigzag;
			sourceTree = "<group>";
		};
		45E928691C9122CD0022E2A0 /* Supporting Files */ = {
			isa = PBXGroup;
			children = (
				45E9286A1C9122CD0022E2A0 /* main.m */,
			);
			name = "Supporting Files";
			sourceTree = "<group>";
		};
		45E928821C9122CD0022E2A0 /* zigzagTests */ = {
			isa = PBXGroup;
			children = (
				45E928831C9122CD0022E2A0 /* zigzagTests.m */,
				45E928851C9122CD0022E2A0 /* Info.plist */,
			);
			path = zigzagTests;
			sourceTree = "<group>";
		};
		45E9288D1C9122CD0022E2A0 /* zigzagUITests */ = {
			isa = PBXGroup;
			children = (
				45E9288E1C9122CD0022E2A0 /* zigzagUITests.m */,
				45E928901C9122CD0022E2A0 /* Info.plist */,
			);
			path = zigzagUITests;
			sourceTree = "<group>";
		};
/* End PBXGroup section */

/* Begin PBXNativeTarget section */
		45E928651C9122CD0022E2A0 /* zigzag */ = {
			isa = PBXNativeTarget;
			buildConfigurationList = 45E928931C9122CE0022E2A0 /* Build configuration list for PBXNativeTarget "zigzag" */;
			buildPhases = (
				45E928621C9122CD0022E2A0 /* Sources */,
				45E928631C9122CD0022E2A0 /* Frameworks */,
				45E928641C9122CD0022E2A0 /* Resources */,
			);
			buildRules = (
			);
			dependencies = (
			);
			name = zigzag;
			productName = zigzag;
			productReference = 45E928661C9122CD0022E2A0 /* zigzag.app */;
			productType = "com.apple.product-type.application";
		};
		45E9287E1C9122CD0022E2A0 /* zigzagTests */ = {
			isa = PBXNativeTarget;
			buildConfigurationList = 45E928961C9122CE0022E2A0 /* Build configuration list for PBXNativeTarget "zigzagTests" */;
			buildPhases = (
				45E9287B1C9122CD0022E2A0 /* Sources */,
				45E9287C1C9122CD0022E2A0 /* Frameworks */,
				45E9287D1C9122CD0022E2A0 /* Resources */,
			);
			buildRules = (
			);
			dependencies = (
				45E928811C9122CD0022E2A0 /* PBXTargetDependency */,
			);
			name = zigzagTests;
			productName = zigzagTests;
			productReference = 45E9287F1C9122CD0022E2A0 /* zigzagTests.xctest */;
			productType = "com.apple.product-type.bundle.unit-test";
		};
		45E928891C9122CD0022E2A0 /* zigzagUITests */ = {
			isa = PBXNativeTarget;
			buildConfigurationList = 45E928991C9122CE0022E2A0 /* Build configuration list for PBXNativeTarget "zigzagUITests" */;
			buildPhases = (
				45E928861C9122CD0022E2A0 /* Sources */,
				45E928871C9122CD0022E2A0 /* Frameworks */,
				45E928881C9122CD0022E2A0 /* Resources */,
			);
			buildRules = (
			);
			dependencies = (
				45E9288C1C9122CD0022E2A0 /* PBXTargetDependency */,
			);
			name = zigzagUITests;
			productName = zigzagUITests;
			productReference = 45E9288A1C9122CD0022E2A0 /* zigzagUITests.xctest */;
			productType = "com.apple.product-type.bundle.ui-testing";
		};
/* End PBXNativeTarget section */

/* Begin PBXProject section */
		45E9285E1C9122CD0022E2A0 /* Project object */ = {
			isa = PBXProject;
			attributes = {
				LastUpgradeCheck = 0720;
				ORGANIZATIONNAME = "Tin Blanc";
				TargetAttributes = {
					45E928651C9122CD0022E2A0 = {
						CreatedOnToolsVersion = 7.2;
						DevelopmentTeam = 6TY8547B3M;
					};
					45E9287E1C9122CD0022E2A0 = {
						CreatedOnToolsVersion = 7.2;
						DevelopmentTeam = 6TY8547B3M;
						TestTargetID = 45E928651C9122CD0022E2A0;
					};
					45E928891C9122CD0022E2A0 = {
						CreatedOnToolsVersion = 7.2;
						DevelopmentTeam = 6TY8547B3M;
						TestTargetID = 45E928651C9122CD0022E2A0;
					};
				};
			};
			buildConfigurationList = 45E928611C9122CD0022E2A0 /* Build configuration list for PBXProject "zigzag" */;
			compatibilityVersion = "Xcode 3.2";
			developmentRegion = English;
			hasScannedForEncodings = 0;
			knownRegions = (
				en,
				Base,
			);
			mainGroup = 45E9285D1C9122CD0022E2A0;
			productRefGroup = 45E928671C9122CD0022E2A0 /* Products */;
			projectDirPath = "";
			projectRoot = "";
			targets = (
				45E928651C9122CD0022E2A0 /* zigzag */,
				45E9287E1C9122CD0022E2A0 /* zigzagTests */,
				45E928891C9122CD0022E2A0 /* zigzagUITests */,
			);
		};
/* End PBXProject section */

/* Begin PBXResourcesBuildPhase section */
		45E928641C9122CD0022E2A0 /* Resources */ = {
			isa = PBXResourcesBuildPhase;
			buildActionMask = 2147483647;
			files = (
				45E928791C9122CD0022E2A0 /* LaunchScreen.storyboard in Resources */,
				45E928761C9122CD0022E2A0 /* Assets.xcassets in Resources */,
				45E928741C9122CD0022E2A0 /* Main.storyboard in Resources */,
			);
			runOnlyForDeploymentPostprocessing = 0;
		};
		45E9287D1C9122CD0022E2A0 /* Resources */ = {
			isa = PBXResourcesBuildPhase;
			buildActionMask = 2147483647;
			files = (
			);
			runOnlyForDeploymentPostprocessing = 0;
		};
		45E928881C9122CD0022E2A0 /* Resources */ = {
			isa = PBXResourcesBuildPhase;
			buildActionMask = 2147483647;
			files = (
			);
			runOnlyForDeploymentPostprocessing = 0;
		};
/* End PBXResourcesBuildPhase section */

/* Begin PBXSourcesBuildPhase section */
		45E928621C9122CD0022E2A0 /* Sources */ = {
			isa = PBXSourcesBuildPhase;
			buildActionMask = 2147483647;
			files = (
				45E928711C9122CD0022E2A0 /* ViewController.m in Sources */,
				45E9286E1C9122CD0022E2A0 /* AppDelegate.m in Sources */,
				45E9286B1C9122CD0022E2A0 /* main.m in Sources */,
			);
			runOnlyForDeploymentPostprocessing = 0;
		};
		45E9287B1C9122CD0022E2A0 /* Sources */ = {
			isa = PBXSourcesBuildPhase;
			buildActionMask = 2147483647;
			files = (
				45E928841C9122CD0022E2A0 /* zigzagTests.m in Sources */,
			);
			runOnlyForDeploymentPostprocessing = 0;
		};
		45E928861C9122CD0022E2A0 /* Sources */ = {
			isa = PBXSourcesBuildPhase;
			buildActionMask = 2147483647;
			files = (
				45E9288F1C9122CD0022E2A0 /* zigzagUITests.m in Sources */,
			);
			runOnlyForDeploymentPostprocessing = 0;
		};
/* End PBXSourcesBuildPhase section */

/* Begin PBXTargetDependency section */
		45E928811C9122CD0022E2A0 /* PBXTargetDependency */ = {
			isa = PBXTargetDependency;
			target = 45E928651C9122CD0022E2A0 /* zigzag */;
			targetProxy = 45E928801C9122CD0022E2A0 /* PBXContainerItemProxy */;
		};
		45E9288C1C9122CD0022E2A0 /* PBXTargetDependency */ = {
			isa = PBXTargetDependency;
			target = 45E928651C9122CD0022E2A0 /* zigzag */;
			targetProxy = 45E9288B1C9122CD0022E2A0 /* PBXContainerItemProxy */;
		};
/* End PBXTargetDependency section */

/* Begin PBXVariantGroup section */
		45E928721C9122CD0022E2A0 /* Main.storyboard */ = {
			isa = PBXVariantGroup;
			children = (
				45E928731C9122CD0022E2A0 /* Base */,
			);
			name = Main.storyboard;
			sourceTree = "<group>";
		};
		45E928771C9122CD0022E2A0 /* LaunchScreen.storyboard */ = {
			isa = PBXVariantGroup;
			children = (
				45E928781C9122CD0022E2A0 /* Base */,
			);
			name = LaunchScreen.storyboard;
			sourceTree = "<group>";
		};
/* End PBXVariantGroup section */

/* Begin XCBuildConfiguration section */
		45E928911C9122CE0022E2A0 /* Debug */ = {
			isa = XCBuildConfiguration;
			buildSettings = {
				ALWAYS_SEARCH_USER_PATHS = NO;
				CLANG_CXX_LANGUAGE_STANDARD = "gnu++0x";
				CLANG_CXX_LIBRARY = "libc++";
				CLANG_ENABLE_MODULES = YES;
				CLANG_ENABLE_OBJC_ARC = YES;
				CLANG_WARN_BOOL_CONVERSION = YES;
				CLANG_WARN_CONSTANT_CONVERSION = YES;
				CLANG_WARN_DIRECT_OBJC_ISA_USAGE = YES_ERROR;
				CLANG_WARN_EMPTY_BODY = YES;
				CLANG_WARN_ENUM_CONVERSION = YES;
				CLANG_WARN_INT_CONVERSION = YES;
				CLANG_WARN_OBJC_ROOT_CLASS = YES_ERROR;
				CLANG_WARN_UNREACHABLE_CODE = YES;
				CLANG_WARN__DUPLICATE_METHOD_MATCH = YES;
				"CODE_SIGN_IDENTITY[sdk=iphoneos*]" = "iPhone Developer";
				COPY_PHASE_STRIP = NO;
				DEBUG_INFORMATION_FORMAT = dwarf;
				ENABLE_STRICT_OBJC_MSGSEND = YES;
				ENABLE_TESTABILITY = YES;
				GCC_C_LANGUAGE_STANDARD = gnu99;
				GCC_DYNAMIC_NO_PIC = NO;
				GCC_NO_COMMON_BLOCKS = YES;
				GCC_OPTIMIZATION_LEVEL = 0;
				GCC_PREPROCESSOR_DEFINITIONS = (
					"DEBUG=1",
					"$(inherited)",
				);
				GCC_WARN_64_TO_32_BIT_CONVERSION = YES;
				GCC_WARN_ABOUT_RETURN_TYPE = YES_ERROR;
				GCC_WARN_UNDECLARED_SELECTOR = YES;
				GCC_WARN_UNINITIALIZED_AUTOS = YES_AGGRESSIVE;
				GCC_WARN_UNUSED_FUNCTION = YES;
				GCC_WARN_UNUSED_VARIABLE = YES;
				IPHONEOS_DEPLOYMENT_TARGET = 9.2;
				MTL_ENABLE_DEBUG_INFO = YES;
				ONLY_ACTIVE_ARCH = YES;
				SDKROOT = iphoneos;
			};
			name = Debug;
		};
		45E928921C9122CE0022E2A0 /* Release */ = {
			isa = XCBuildConfiguration;
			buildSettings = {
				ALWAYS_SEARCH_USER_PATHS = NO;
				CLANG_CXX_LANGUAGE_STANDARD = "gnu++0x";
				CLANG_CXX_LIBRARY = "libc++";
				CLANG_ENABLE_MODULES = YES;
				CLANG_ENABLE_OBJC_ARC = YES;
				CLANG_WARN_BOOL_CONVERSION = YES;
				CLANG_WARN_CONSTANT_CONVERSION = YES;
				CLANG_WARN_DIRECT_OBJC_ISA_USAGE = YES_ERROR;
				CLANG_WARN_EMPTY_BODY = YES;
				CLANG_WARN_ENUM_CONVERSION = YES;
				CLANG_WARN_INT_CONVERSION = YES;
				CLANG_WARN_OBJC_ROOT_CLASS = YES_ERROR;
				CLANG_WARN_UNREACHABLE_CODE = YES;
				CLANG_WARN__DUPLICATE_METHOD_MATCH = YES;
				"CODE_SIGN_IDENTITY[sdk=iphoneos*]" = "iPhone Developer";
				COPY_PHASE_STRIP = NO;
				DEBUG_INFORMATION_FORMAT = "dwarf-with-dsym";
				ENABLE_NS_ASSERTIONS = NO;
				ENABLE_STRICT_OBJC_MSGSEND = YES;
				GCC_C_LANGUAGE_STANDARD = gnu99;
				GCC_NO_COMMON_BLOCKS = YES;
				GCC_WARN_64_TO_32_BIT_CONVERSION = YES;
				GCC_WARN_ABOUT_RETURN_TYPE = YES_ERROR;
				GCC_WARN_UNDECLARED_SELECTOR = YES;
				GCC_WARN_UNINITIALIZED_AUTOS = YES_AGGRESSIVE;
				GCC_WARN_UNUSED_FUNCTION = YES;
				GCC_WARN_UNUSED_VARIABLE = YES;
				IPHONEOS_DEPLOYMENT_TARGET = 9.2;
				MTL_ENABLE_DEBUG_INFO = NO;
				SDKROOT = iphoneos;
				VALIDATE_PRODUCT = YES;
			};
			name = Release;
		};
		45E928941C9122CE0022E2A0 /* Debug */ = {
			isa = XCBuildConfiguration;
			buildSettings = {
				ASSETCATALOG_COMPILER_APPICON_NAME = AppIcon;
				INFOPLIST_FILE = zigzag/Info.plist;
				LD_RUNPATH_SEARCH_PATHS = "$(inherited) @executable_path/Frameworks";
				PRODUCT_BUNDLE_IDENTIFIER = vn.techmaster.zigzag;
				PRODUCT_NAME = "$(TARGET_NAME)";
			};
			name = Debug;
		};
		45E928951C9122CE0022E2A0 /* Release */ = {
			isa = XCBuildConfiguration;
			buildSettings = {
				ASSETCATALOG_COMPILER_APPICON_NAME = AppIcon;
				INFOPLIST_FILE = zigzag/Info.plist;
				LD_RUNPATH_SEARCH_PATHS = "$(inherited) @executable_path/Frameworks";
				PRODUCT_BUNDLE_IDENTIFIER = vn.techmaster.zigzag;
				PRODUCT_NAME = "$(TARGET_NAME)";
			};
			name = Release;
		};
		45E928971C9122CE0022E2A0 /* Debug */ = {
			isa = XCBuildConfiguration;
			buildSettings = {
				BUNDLE_LOADER = "$(TEST_HOST)";
				INFOPLIST_FILE = zigzagTests/Info.plist;
				LD_RUNPATH_SEARCH_PATHS = "$(inherited) @executable_path/Frameworks @loader_path/Frameworks";
				PRODUCT_BUNDLE_IDENTIFIER = vn.techmaster.zigzagTests;
				PRODUCT_NAME = "$(TARGET_NAME)";
				TEST_HOST = "$(BUILT_PRODUCTS_DIR)/zigzag.app/zigzag";
			};
			name = Debug;
		};
		45E928981C9122CE0022E2A0 /* Release */ = {
			isa = XCBuildConfiguration;
			buildSettings = {
				BUNDLE_LOADER = "$(TEST_HOST)";
				INFOPLIST_FILE = zigzagTests/Info.plist;
				LD_RUNPATH_SEARCH_PATHS = "$(inherited) @executable_path/Frameworks @loader_path/Frameworks";
				PRODUCT_BUNDLE_IDENTIFIER = vn.techmaster.zigzagTests;
				PRODUCT_NAME = "$(TARGET_NAME)";
				TEST_HOST = "$(BUILT_PRODUCTS_DIR)/zigzag.app/zigzag";
			};
			name = Release;
		};
		45E9289A1C9122CE0022E2A0 /* Debug */ = {
			isa = XCBuildConfiguration;
			buildSettings = {
				INFOPLIST_FILE = zigzagUITests/Info.plist;
				LD_RUNPATH_SEARCH_PATHS = "$(inherited) @executable_path/Frameworks @loader_path/Frameworks";
				PRODUCT_BUNDLE_IDENTIFIER = vn.techmaster.zigzagUITests;
				PRODUCT_NAME = "$(TARGET_NAME)";
				TEST_TARGET_NAME = zigzag;
				USES_XCTRUNNER = YES;
			};
			name = Debug;
		};
		45E9289B1C9122CE0022E2A0 /* Release */ = {
			isa = XCBuildConfiguration;
			buildSettings = {
				INFOPLIST_FILE = zigzagUITests/Info.plist;
				LD_RUNPATH_SEARCH_PATHS = "$(inherited) @executable_path/Frameworks @loader_path/Frameworks";
				PRODUCT_BUNDLE_IDENTIFIER = vn.techmaster.zigzagUITests;
				PRODUCT_NAME = "$(TARGET_NAME)";
				TEST_TARGET_NAME = zigzag;
				USES_XCTRUNNER = YES;
			};
			name = Release;
		};
/* End XCBuildConfiguration section */

/* Begin XCConfigurationList section */
		45E928611C9122CD0022E2A0 /* Build configuration list for PBXProject "zigzag" */ = {
			isa = XCConfigurationList;
			buildConfigurations = (
				45E928911C9122CE0022E2A0 /* Debug */,
				45E928921C9122CE0022E2A0 /* Release */,
			);
			defaultConfigurationIsVisible = 0;
			defaultConfigurationName = Release;
		};
		45E928931C9122CE0022E2A0 /* Build configuration list for PBXNativeTarget "zigzag" */ = {
			isa = XCConfigurationList;
			buildConfigurations = (
				45E928941C9122CE0022E2A0 /* Debug */,
				45E928951C9122CE0022E2A0 /* Release */,
			);
			defaultConfigurationIsVisible = 0;
		};
		45E928961C9122CE0022E2A0 /* Build configuration list for PBXNativeTarget "zigzagTests" */ = {
			isa = XCConfigurationList;
			buildConfigurations = (
				45E928971C9122CE0022E2A0 /* Debug */,
				45E928981C9122CE0022E2A0 /* Release */,
			);
			defaultConfigurationIsVisible = 0;
		};
		45E928991C9122CE0022E2A0 /* Build configuration list for PBXNativeTarget "zigzagUITests" */ = {
			isa = XCConfigurationList;
			buildConfigurations = (
				45E9289A1C9122CE0022E2A0 /* Debug */,
				45E9289B1C9122CE0022E2A0 /* Release */,
			);
			defaultConfigurationIsVisible = 0;
		};
/* End XCConfigurationList section */
	};
	rootObject = 45E9285E1C9122CD0022E2A0 /* Project object */;
}
